;; -*- mode: emacs-lisp -*-

(setq configuration-layer-stable-elpa-name "spacelpa")
(setq configuration-layer-stable-elpa-version "0.400")
(setq configuration-layer-stable-elpa-archive (concat configuration-layer-stable-elpa-directory
                                                      "spacelpa-"
                                                      configuration-layer-stable-elpa-version))
(setq configuration-layer-elpa-subdirectory "develop")

(setq configuration-layer-elpa-archives
      (append package-archives
              `(("melpa"    . "melpa.org/packages/")
                ("spacelpa" . ,(concat configuration-layer-stable-elpa-archive "/packages/")))))

(setq package-archive-priorities
      (append package-archive-priorities
              '(("spacelpa" . 8)
                ("melpa"    . 4)
                ("nongnu"   . 2)
                ("gnu"      . 1))))
